// !$*UTF8*$!
{
	archiveVersion = 1;
	classes = {
	};
	objectVersion = 56;
	objects = {

/* Begin PBXBuildFile section */
		4D08CF552B17A9C300FD2DB5 /* MenuItemModel.swift in Sources */ = {isa = PBXBuildFile; fileRef = 4D08CF542B17A9C300FD2DB5 /* MenuItemModel.swift */; };
		4D08CF572B17B1B600FD2DB5 /* PhotoView.swift in Sources */ = {isa = PBXBuildFile; fileRef = 4D08CF562B17B1B600FD2DB5 /* PhotoView.swift */; };
		4DE98F462B14474E008B8608 /* TastyMealTimeApp.swift in Sources */ = {isa = PBXBuildFile; fileRef = 4DE98F452B14474E008B8608 /* TastyMealTimeApp.swift */; };
		4DE98F482B14474E008B8608 /* MainView.swift in Sources */ = {isa = PBXBuildFile; fileRef = 4DE98F472B14474E008B8608 /* MainView.swift */; };
		4DE98F4A2B144750008B8608 /* Assets.xcassets in Resources */ = {isa = PBXBuildFile; fileRef = 4DE98F492B144750008B8608 /* Assets.xcassets */; };
		4DE98F4E2B144750008B8608 /* Preview Assets.xcassets in Resources */ = {isa = PBXBuildFile; fileRef = 4DE98F4D2B144750008B8608 /* Preview Assets.xcassets */; };
		4DE98F572B150489008B8608 /* AboutView.swift in Sources */ = {isa = PBXBuildFile; fileRef = 4DE98F562B150489008B8608 /* AboutView.swift */; };
		4DE98F592B1504A0008B8608 /* GalleryView.swift in Sources */ = {isa = PBXBuildFile; fileRef = 4DE98F582B1504A0008B8608 /* GalleryView.swift */; };
		4DE98F5B2B150545008B8608 /* MenuView.swift in Sources */ = {isa = PBXBuildFile; fileRef = 4DE98F5A2B150545008B8608 /* MenuView.swift */; };
		4DE98F5D2B1509F4008B8608 /* DataService.swift in Sources */ = {isa = PBXBuildFile; fileRef = 4DE98F5C2B1509F4008B8608 /* DataService.swift */; };
		4DE98F5F2B1541A2008B8608 /* Grids.swift in Sources */ = {isa = PBXBuildFile; fileRef = 4DE98F5E2B1541A2008B8608 /* Grids.swift */; };
		90B812DE2B1E54BA0022E338 /* MenuListRow.swift in Sources */ = {isa = PBXBuildFile; fileRef = 90B812DD2B1E54BA0022E338 /* MenuListRow.swift */; };
/* End PBXBuildFile section */

/* Begin PBXFileReference section */
		4D08CF542B17A9C300FD2DB5 /* MenuItemModel.swift */ = {isa = PBXFileReference; lastKnownFileType = sourcecode.swift; path = MenuItemModel.swift; sourceTree = "<group>"; };
		4D08CF562B17B1B600FD2DB5 /* PhotoView.swift */ = {isa = PBXFileReference; lastKnownFileType = sourcecode.swift; path = PhotoView.swift; sourceTree = "<group>"; };
		4DE98F422B14474E008B8608 /* TastyMealTime.app */ = {isa = PBXFileReference; explicitFileType = wrapper.application; includeInIndex = 0; path = TastyMealTime.app; sourceTree = BUILT_PRODUCTS_DIR; };
		4DE98F452B14474E008B8608 /* TastyMealTimeApp.swift */ = {isa = PBXFileReference; lastKnownFileType = sourcecode.swift; path = TastyMealTimeApp.swift; sourceTree = "<group>"; };
		4DE98F472B14474E008B8608 /* MainView.swift */ = {isa = PBXFileReference; lastKnownFileType = sourcecode.swift; path = MainView.swift; sourceTree = "<group>"; };
		4DE98F492B144750008B8608 /* Assets.xcassets */ = {isa = PBXFileReference; lastKnownFileType = folder.assetcatalog; path = Assets.xcassets; sourceTree = "<group>"; };
		4DE98F4B2B144750008B8608 /* TastyMealTime.entitlements */ = {isa = PBXFileReference; lastKnownFileType = text.plist.entitlements; path = TastyMealTime.entitlements; sourceTree = "<group>"; };
		4DE98F4D2B144750008B8608 /* Preview Assets.xcassets */ = {isa = PBXFileReference; lastKnownFileType = folder.assetcatalog; path = "Preview Assets.xcassets"; sourceTree = "<group>"; };
		4DE98F562B150489008B8608 /* AboutView.swift */ = {isa = PBXFileReference; lastKnownFileType = sourcecode.swift; path = AboutView.swift; sourceTree = "<group>"; };
		4DE98F582B1504A0008B8608 /* GalleryView.swift */ = {isa = PBXFileReference; lastKnownFileType = sourcecode.swift; path = GalleryView.swift; sourceTree = "<group>"; };
		4DE98F5A2B150545008B8608 /* MenuView.swift */ = {isa = PBXFileReference; lastKnownFileType = sourcecode.swift; path = MenuView.swift; sourceTree = "<group>"; };
		4DE98F5C2B1509F4008B8608 /* DataService.swift */ = {isa = PBXFileReference; lastKnownFileType = sourcecode.swift; path = DataService.swift; sourceTree = "<group>"; };
		4DE98F5E2B1541A2008B8608 /* Grids.swift */ = {isa = PBXFileReference; lastKnownFileType = sourcecode.swift; path = Grids.swift; sourceTree = "<group>"; };
		90B812DD2B1E54BA0022E338 /* MenuListRow.swift */ = {isa = PBXFileReference; lastKnownFileType = sourcecode.swift; path = MenuListRow.swift; sourceTree = "<group>"; };
/* End PBXFileReference section */

/* Begin PBXFrameworksBuildPhase section */
		4DE98F3F2B14474E008B8608 /* Frameworks */ = {
			isa = PBXFrameworksBuildPhase;
			buildActionMask = 2147483647;
			files = (
			);
			runOnlyForDeploymentPostprocessing = 0;
		};
/* End PBXFrameworksBuildPhase section */

/* Begin PBXGroup section */
		4DE98F392B14474E008B8608 = {
			isa = PBXGroup;
			children = (
				4DE98F442B14474E008B8608 /* TastyMealTime */,
				4DE98F432B14474E008B8608 /* Products */,
			);
			sourceTree = "<group>";
		};
		4DE98F432B14474E008B8608 /* Products */ = {
			isa = PBXGroup;
			children = (
				4DE98F422B14474E008B8608 /* TastyMealTime.app */,
			);
			name = Products;
			sourceTree = "<group>";
		};
		4DE98F442B14474E008B8608 /* TastyMealTime */ = {
			isa = PBXGroup;
			children = (
				4DE98F452B14474E008B8608 /* TastyMealTimeApp.swift */,
				4DE98F472B14474E008B8608 /* MainView.swift */,
				4DE98F5E2B1541A2008B8608 /* Grids.swift */,
				4DE98F562B150489008B8608 /* AboutView.swift */,
				90B812DD2B1E54BA0022E338 /* MenuListRow.swift */,
				4DE98F582B1504A0008B8608 /* GalleryView.swift */,
				4D08CF562B17B1B600FD2DB5 /* PhotoView.swift */,
				4DE98F5A2B150545008B8608 /* MenuView.swift */,
				4DE98F5C2B1509F4008B8608 /* DataService.swift */,
				4D08CF542B17A9C300FD2DB5 /* MenuItemModel.swift */,
				4DE98F492B144750008B8608 /* Assets.xcassets */,
				4DE98F4B2B144750008B8608 /* TastyMealTime.entitlements */,
				4DE98F4C2B144750008B8608 /* Preview Content */,
			);
			path = TastyMealTime;
			sourceTree = "<group>";
		};
		4DE98F4C2B144750008B8608 /* Preview Content */ = {
			isa = PBXGroup;
			children = (
				4DE98F4D2B144750008B8608 /* Preview Assets.xcassets */,
			);
			path = "Preview Content";
			sourceTree = "<group>";
		};
/* End PBXGroup section */

/* Begin PBXNativeTarget section */
		4DE98F412B14474E008B8608 /* TastyMealTime */ = {
			isa = PBXNativeTarget;
			buildConfigurationList = 4DE98F512B144750008B8608 /* Build configuration list for PBXNativeTarget "TastyMealTime" */;
			buildPhases = (
				4DE98F3E2B14474E008B8608 /* Sources */,
				4DE98F3F2B14474E008B8608 /* Frameworks */,
				4DE98F402B14474E008B8608 /* Resources */,
			);
			buildRules = (
			);
			dependencies = (
			);
			name = TastyMealTime;
			productName = TastyMealTime;
			productReference = 4DE98F422B14474E008B8608 /* TastyMealTime.app */;
			productType = "com.apple.product-type.application";
		};
/* End PBXNativeTarget section */

/* Begin PBXProject section */
		4DE98F3A2B14474E008B8608 /* Project object */ = {
			isa = PBXProject;
			attributes = {
				BuildIndependentTargetsInParallel = 1;
				LastSwiftUpdateCheck = 1500;
				LastUpgradeCheck = 1500;
				TargetAttributes = {
					4DE98F412B14474E008B8608 = {
						CreatedOnToolsVersion = 15.0;
					};
				};
			};
			buildConfigurationList = 4DE98F3D2B14474E008B8608 /* Build configuration list for PBXProject "TastyMealTime" */;
			compatibilityVersion = "Xcode 14.0";
			developmentRegion = en;
			hasScannedForEncodings = 0;
			knownRegions = (
				en,
				Base,
			);
			mainGroup = 4DE98F392B14474E008B8608;
			productRefGroup = 4DE98F432B14474E008B8608 /* Products */;
			projectDirPath = "";
			projectRoot = "";
			targets = (
				4DE98F412B14474E008B8608 /* TastyMealTime */,
			);
		};
/* End PBXProject section */

/* Begin PBXResourcesBuildPhase section */
		4DE98F402B14474E008B8608 /* Resources */ = {
			isa = PBXResourcesBuildPhase;
			buildActionMask = 2147483647;
			files = (
				4DE98F4E2B144750008B8608 /* Preview Assets.xcassets in Resources */,
				4DE98F4A2B144750008B8608 /* Assets.xcassets in Resources */,
			);
			runOnlyForDeploymentPostprocessing = 0;
		};
/* End PBXResourcesBuildPhase section */

/* Begin PBXSourcesBuildPhase section */
		4DE98F3E2B14474E008B8608 /* Sources */ = {
			isa = PBXSourcesBuildPhase;
			buildActionMask = 2147483647;
			files = (
				4DE98F5B2B150545008B8608 /* MenuView.swift in Sources */,
				4DE98F482B14474E008B8608 /* MainView.swift in Sources */,
				4DE98F572B150489008B8608 /* AboutView.swift in Sources */,
				90B812DE2B1E54BA0022E338 /* MenuListRow.swift in Sources */,
				4D08CF572B17B1B600FD2DB5 /* PhotoView.swift in Sources */,
				4D08CF552B17A9C300FD2DB5 /* MenuItemModel.swift in Sources */,
				4DE98F5D2B1509F4008B8608 /* DataService.swift in Sources */,
				4DE98F462B14474E008B8608 /* TastyMealTimeApp.swift in Sources */,
				4DE98F592B1504A0008B8608 /* GalleryView.swift in Sources */,
				4DE98F5F2B1541A2008B8608 /* Grids.swift in Sources */,
			);
			runOnlyForDeploymentPostprocessing = 0;
		};
/* End PBXSourcesBuildPhase section */

/* Begin XCBuildConfiguration section */
		4DE98F4F2B144750008B8608 /* Debug */ = {
			isa = XCBuildConfiguration;
			buildSettings = {
				ALWAYS_SEARCH_USER_PATHS = NO;
				ASSETCATALOG_COMPILER_GENERATE_SWIFT_ASSET_SYMBOL_EXTENSIONS = YES;
				CLANG_ANALYZER_NONNULL = YES;
				CLANG_ANALYZER_NUMBER_OBJECT_CONVERSION = YES_AGGRESSIVE;
				CLANG_CXX_LANGUAGE_STANDARD = "gnu++20";
				CLANG_ENABLE_MODULES = YES;
				CLANG_ENABLE_OBJC_ARC = YES;
				CLANG_ENABLE_OBJC_WEAK = YES;
				CLANG_WARN_BLOCK_CAPTURE_AUTORELEASING = YES;
				CLANG_WARN_BOOL_CONVERSION = YES;
				CLANG_WARN_COMMA = YES;
				CLANG_WARN_CONSTANT_CONVERSION = YES;
				CLANG_WARN_DEPRECATED_OBJC_IMPLEMENTATIONS = YES;
				CLANG_WARN_DIRECT_OBJC_ISA_USAGE = YES_ERROR;
				CLANG_WARN_DOCUMENTATION_COMMENTS = YES;
				CLANG_WARN_EMPTY_BODY = YES;
				CLANG_WARN_ENUM_CONVERSION = YES;
				CLANG_WARN_INFINITE_RECURSION = YES;
				CLANG_WARN_INT_CONVERSION = YES;
				CLANG_WARN_NON_LITERAL_NULL_CONVERSION = YES;
				CLANG_WARN_OBJC_IMPLICIT_RETAIN_SELF = YES;
				CLANG_WARN_OBJC_LITERAL_CONVERSION = YES;
				CLANG_WARN_OBJC_ROOT_CLASS = YES_ERROR;
				CLANG_WARN_QUOTED_INCLUDE_IN_FRAMEWORK_HEADER = YES;
				CLANG_WARN_RANGE_LOOP_ANALYSIS = YES;
				CLANG_WARN_STRICT_PROTOTYPES = YES;
				CLANG_WARN_SUSPICIOUS_MOVE = YES;
				CLANG_WARN_UNGUARDED_AVAILABILITY = YES_AGGRESSIVE;
				CLANG_WARN_UNREACHABLE_CODE = YES;
				CLANG_WARN__DUPLICATE_METHOD_MATCH = YES;
				COPY_PHASE_STRIP = NO;
				DEBUG_INFORMATION_FORMAT = dwarf;
				ENABLE_STRICT_OBJC_MSGSEND = YES;
				ENABLE_TESTABILITY = YES;
				ENABLE_USER_SCRIPT_SANDBOXING = YES;
				GCC_C_LANGUAGE_STANDARD = gnu17;
				GCC_DYNAMIC_NO_PIC = NO;
				GCC_NO_COMMON_BLOCKS = YES;
				GCC_OPTIMIZATION_LEVEL = 0;
				GCC_PREPROCESSOR_DEFINITIONS = (
					"DEBUG=1",
					"$(inherited)",
				);
				GCC_WARN_64_TO_32_BIT_CONVERSION = YES;
				GCC_WARN_ABOUT_RETURN_TYPE = YES_ERROR;
				GCC_WARN_UNDECLARED_SELECTOR = YES;
				GCC_WARN_UNINITIALIZED_AUTOS = YES_AGGRESSIVE;
				GCC_WARN_UNUSED_FUNCTION = YES;
				GCC_WARN_UNUSED_VARIABLE = YES;
				LOCALIZATION_PREFERS_STRING_CATALOGS = YES;
				MTL_ENABLE_DEBUG_INFO = INCLUDE_SOURCE;
				MTL_FAST_MATH = YES;
				ONLY_ACTIVE_ARCH = YES;
				SWIFT_ACTIVE_COMPILATION_CONDITIONS = "DEBUG $(inherited)";
				SWIFT_OPTIMIZATION_LEVEL = "-Onone";
			};
			name = Debug;
		};
		4DE98F502B144750008B8608 /* Release */ = {
			isa = XCBuildConfiguration;
			buildSettings = {
				ALWAYS_SEARCH_USER_PATHS = NO;
				ASSETCATALOG_COMPILER_GENERATE_SWIFT_ASSET_SYMBOL_EXTENSIONS = YES;
				CLANG_ANALYZER_NONNULL = YES;
				CLANG_ANALYZER_NUMBER_OBJECT_CONVERSION = YES_AGGRESSIVE;
				CLANG_CXX_LANGUAGE_STANDARD = "gnu++20";
				CLANG_ENABLE_MODULES = YES;
				CLANG_ENABLE_OBJC_ARC = YES;
				CLANG_ENABLE_OBJC_WEAK = YES;
				CLANG_WARN_BLOCK_CAPTURE_AUTORELEASING = YES;
				CLANG_WARN_BOOL_CONVERSION = YES;
				CLANG_WARN_COMMA = YES;
				CLANG_WARN_CONSTANT_CONVERSION = YES;
				CLANG_WARN_DEPRECATED_OBJC_IMPLEMENTATIONS = YES;
				CLANG_WARN_DIRECT_OBJC_ISA_USAGE = YES_ERROR;
				CLANG_WARN_DOCUMENTATION_COMMENTS = YES;
				CLANG_WARN_EMPTY_BODY = YES;
				CLANG_WARN_ENUM_CONVERSION = YES;
				CLANG_WARN_INFINITE_RECURSION = YES;
				CLANG_WARN_INT_CONVERSION = YES;
				CLANG_WARN_NON_LITERAL_NULL_CONVERSION = YES;
				CLANG_WARN_OBJC_IMPLICIT_RETAIN_SELF = YES;
				CLANG_WARN_OBJC_LITERAL_CONVERSION = YES;
				CLANG_WARN_OBJC_ROOT_CLASS = YES_ERROR;
				CLANG_WARN_QUOTED_INCLUDE_IN_FRAMEWORK_HEADER = YES;
				CLANG_WARN_RANGE_LOOP_ANALYSIS = YES;
				CLANG_WARN_STRICT_PROTOTYPES = YES;
				CLANG_WARN_SUSPICIOUS_MOVE = YES;
				CLANG_WARN_UNGUARDED_AVAILABILITY = YES_AGGRESSIVE;
				CLANG_WARN_UNREACHABLE_CODE = YES;
				CLANG_WARN__DUPLICATE_METHOD_MATCH = YES;
				COPY_PHASE_STRIP = NO;
				DEBUG_INFORMATION_FORMAT = "dwarf-with-dsym";
				ENABLE_NS_ASSERTIONS = NO;
				ENABLE_STRICT_OBJC_MSGSEND = YES;
				ENABLE_USER_SCRIPT_SANDBOXING = YES;
				GCC_C_LANGUAGE_STANDARD = gnu17;
				GCC_NO_COMMON_BLOCKS = YES;
				GCC_WARN_64_TO_32_BIT_CONVERSION = YES;
				GCC_WARN_ABOUT_RETURN_TYPE = YES_ERROR;
				GCC_WARN_UNDECLARED_SELECTOR = YES;
				GCC_WARN_UNINITIALIZED_AUTOS = YES_AGGRESSIVE;
				GCC_WARN_UNUSED_FUNCTION = YES;
				GCC_WARN_UNUSED_VARIABLE = YES;
				LOCALIZATION_PREFERS_STRING_CATALOGS = YES;
				MTL_ENABLE_DEBUG_INFO = NO;
				MTL_FAST_MATH = YES;
				SWIFT_COMPILATION_MODE = wholemodule;
			};
			name = Release;
		};
		4DE98F522B144750008B8608 /* Debug */ = {
			isa = XCBuildConfiguration;
			buildSettings = {
				ASSETCATALOG_COMPILER_APPICON_NAME = AppIcon;
				ASSETCATALOG_COMPILER_GLOBAL_ACCENT_COLOR_NAME = AccentColor;
				CODE_SIGN_ENTITLEMENTS = TastyMealTime/TastyMealTime.entitlements;
				CODE_SIGN_STYLE = Automatic;
				CURRENT_PROJECT_VERSION = 1;
				DEVELOPMENT_ASSET_PATHS = "\"TastyMealTime/Preview Content\"";
				DEVELOPMENT_TEAM = 8QV5P7LFL8;
				ENABLE_HARDENED_RUNTIME = YES;
				ENABLE_PREVIEWS = YES;
				GENERATE_INFOPLIST_FILE = YES;
				"INFOPLIST_KEY_UIApplicationSceneManifest_Generation[sdk=iphoneos*]" = YES;
				"INFOPLIST_KEY_UIApplicationSceneManifest_Generation[sdk=iphonesimulator*]" = YES;
				"INFOPLIST_KEY_UIApplicationSupportsIndirectInputEvents[sdk=iphoneos*]" = YES;
				"INFOPLIST_KEY_UIApplicationSupportsIndirectInputEvents[sdk=iphonesimulator*]" = YES;
				"INFOPLIST_KEY_UILaunchScreen_Generation[sdk=iphoneos*]" = YES;
				"INFOPLIST_KEY_UILaunchScreen_Generation[sdk=iphonesimulator*]" = YES;
				"INFOPLIST_KEY_UIStatusBarStyle[sdk=iphoneos*]" = UIStatusBarStyleDefault;
				"INFOPLIST_KEY_UIStatusBarStyle[sdk=iphonesimulator*]" = UIStatusBarStyleDefault;
				INFOPLIST_KEY_UISupportedInterfaceOrientations_iPad = "UIInterfaceOrientationPortrait UIInterfaceOrientationPortraitUpsideDown UIInterfaceOrientationLandscapeLeft UIInterfaceOrientationLandscapeRight";
				INFOPLIST_KEY_UISupportedInterfaceOrientations_iPhone = "UIInterfaceOrientationPortrait UIInterfaceOrientationLandscapeLeft UIInterfaceOrientationLandscapeRight";
				IPHONEOS_DEPLOYMENT_TARGET = 17.0;
				LD_RUNPATH_SEARCH_PATHS = "@executable_path/Frameworks";
				"LD_RUNPATH_SEARCH_PATHS[sdk=macosx*]" = "@executable_path/../Frameworks";
				MACOSX_DEPLOYMENT_TARGET = 14.0;
				MARKETING_VERSION = 1.0;
				PRODUCT_BUNDLE_IDENTIFIER = com.babblebox.TastyMealTime;
				PRODUCT_NAME = "$(TARGET_NAME)";
				SDKROOT = auto;
				SUPPORTED_PLATFORMS = "iphoneos iphonesimulator macosx";
				SWIFT_EMIT_LOC_STRINGS = YES;
				SWIFT_VERSION = 5.0;
				TARGETED_DEVICE_FAMILY = "1,2";
			};
			name = Debug;
		};
		4DE98F532B144750008B8608 /* Release */ = {
			isa = XCBuildConfiguration;
			buildSettings = {
				ASSETCATALOG_COMPILER_APPICON_NAME = AppIcon;
				ASSETCATALOG_COMPILER_GLOBAL_ACCENT_COLOR_NAME = AccentColor;
				CODE_SIGN_ENTITLEMENTS = TastyMealTime/TastyMealTime.entitlements;
				CODE_SIGN_STYLE = Automatic;
				CURRENT_PROJECT_VERSION = 1;
				DEVELOPMENT_ASSET_PATHS = "\"TastyMealTime/Preview Content\"";
				DEVELOPMENT_TEAM = 8QV5P7LFL8;
				ENABLE_HARDENED_RUNTIME = YES;
				ENABLE_PREVIEWS = YES;
				GENERATE_INFOPLIST_FILE = YES;
				"INFOPLIST_KEY_UIApplicationSceneManifest_Generation[sdk=iphoneos*]" = YES;
				"INFOPLIST_KEY_UIApplicationSceneManifest_Generation[sdk=iphonesimulator*]" = YES;
				"INFOPLIST_KEY_UIApplicationSupportsIndirectInputEvents[sdk=iphoneos*]" = YES;
				"INFOPLIST_KEY_UIApplicationSupportsIndirectInputEvents[sdk=iphonesimulator*]" = YES;
				"INFOPLIST_KEY_UILaunchScreen_Generation[sdk=iphoneos*]" = YES;
				"INFOPLIST_KEY_UILaunchScreen_Generation[sdk=iphonesimulator*]" = YES;
				"INFOPLIST_KEY_UIStatusBarStyle[sdk=iphoneos*]" = UIStatusBarStyleDefault;
				"INFOPLIST_KEY_UIStatusBarStyle[sdk=iphonesimulator*]" = UIStatusBarStyleDefault;
				INFOPLIST_KEY_UISupportedInterfaceOrientations_iPad = "UIInterfaceOrientationPortrait UIInterfaceOrientationPortraitUpsideDown UIInterfaceOrientationLandscapeLeft UIInterfaceOrientationLandscapeRight";
				INFOPLIST_KEY_UISupportedInterfaceOrientations_iPhone = "UIInterfaceOrientationPortrait UIInterfaceOrientationLandscapeLeft UIInterfaceOrientationLandscapeRight";
				IPHONEOS_DEPLOYMENT_TARGET = 17.0;
				LD_RUNPATH_SEARCH_PATHS = "@executable_path/Frameworks";
				"LD_RUNPATH_SEARCH_PATHS[sdk=macosx*]" = "@executable_path/../Frameworks";
				MACOSX_DEPLOYMENT_TARGET = 14.0;
				MARKETING_VERSION = 1.0;
				PRODUCT_BUNDLE_IDENTIFIER = com.babblebox.TastyMealTime;
				PRODUCT_NAME = "$(TARGET_NAME)";
				SDKROOT = auto;
				SUPPORTED_PLATFORMS = "iphoneos iphonesimulator macosx";
				SWIFT_EMIT_LOC_STRINGS = YES;
				SWIFT_VERSION = 5.0;
				TARGETED_DEVICE_FAMILY = "1,2";
			};
			name = Release;
		};
/* End XCBuildConfiguration section */

/* Begin XCConfigurationList section */
		4DE98F3D2B14474E008B8608 /* Build configuration list for PBXProject "TastyMealTime" */ = {
			isa = XCConfigurationList;
			buildConfigurations = (
				4DE98F4F2B144750008B8608 /* Debug */,
				4DE98F502B144750008B8608 /* Release */,
			);
			defaultConfigurationIsVisible = 0;
			defaultConfigurationName = Release;
		};
		4DE98F512B144750008B8608 /* Build configuration list for PBXNativeTarget "TastyMealTime" */ = {
			isa = XCConfigurationList;
			buildConfigurations = (
				4DE98F522B144750008B8608 /* Debug */,
				4DE98F532B144750008B8608 /* Release */,
			);
			defaultConfigurationIsVisible = 0;
			defaultConfigurationName = Release;
		};
/* End XCConfigurationList section */
	};
	rootObject = 4DE98F3A2B14474E008B8608 /* Project object */;
}
